PODS:
  - Flutter (1.0.0)
  - twiliochat (0.0.1):
    - Flutter
    - TwilioChatClient (~> 2.5)
  - TwilioChatClient (2.5.0)

DEPENDENCIES:
  - Flutter (from `.symlinks/flutter/ios`)
  - twiliochat (from `.symlinks/plugins/twiliochat/ios`)

SPEC REPOS:
  https://github.com/cocoapods/specs.git:
    - TwilioChatClient

EXTERNAL SOURCES:
  Flutter:
    :path: ".symlinks/flutter/ios"
  twiliochat:
    :path: ".symlinks/plugins/twiliochat/ios"

SPEC CHECKSUMS:
  Flutter: 58dd7d1b27887414a370fcccb9e645c08ffd7a6a
  twiliochat: 8163eb24417f135a43977fc90bddb7278c32815f
  TwilioChatClient: 6da67f9ee137e11717f2753aa56e90b73efcc89f

PODFILE CHECKSUM: b7d0755641915265774624f3b3be49c5c073d379

COCOAPODS: 1.7.5
